# THIS IS AN AUTOGENERATED FILE. DO NOT EDIT THIS FILE DIRECTLY.
# yarn lockfile v1


bibtex@^0.9.0:
  version "0.9.0"
  resolved "https://registry.yarnpkg.com/bibtex/-/bibtex-0.9.0.tgz#62126692c8cc897e6d3824dc5948b0bce13b050e"
  integrity sha512-2YsG89+ZtFD04Dd+KDDUxjtEdiQMW4lbGsXzs5sa+nCpmOrauyChkOAdbLegVSAH2JKEfgu7SFESIVRKQCfD9Q==

lodash@^4.17.15:
  version "4.17.15"
  resolved "https://registry.yarnpkg.com/lodash/-/lodash-4.17.15.tgz#b447f6670a0455bbfeedd11392eff330ea097548"
  integrity sha512-8xOcRHvCjnocdS5cpwXQXVzmmh5e5+saE2QGoeQmbKmRS6J3VQppPOIt0MnmE+4xlZoumy0GPG0D0MVIQbNA1A==
